
Microsoft Visual Studio Solution File, Format Version 12.00
# Visual Studio Version 17
VisualStudioVersion = 17.11.35327.3
MinimumVisualStudioVersion = 10.0.40219.1
Project("{FAE04EC0-301F-11D3-BF4B-00C04F79EFBC}") = "DMS", "DMS.csproj", "{52BA0B5E-D337-46F5-99FF-CF43C048CF2D}"
EndProject
Global
	GlobalSection(SolutionConfigurationPlatforms) = preSolution
		Debug|Any CPU = Debug|Any CPU
		Release|Any CPU = Release|Any CPU
	EndGlobalSection
	GlobalSection(ProjectConfigurationPlatforms) = postSolution
		{52BA0B5E-D337-46F5-99FF-CF43C048CF2D}.Debug|Any CPU.ActiveCfg = Debug|Any CPU
		{52BA0B5E-D337-46F5-99FF-CF43C048CF2D}.Debug|Any CPU.Build.0 = Debug|Any CPU
		{52BA0B5E-D337-46F5-99FF-CF43C048CF2D}.Release|Any CPU.ActiveCfg = Release|Any CPU
		{52BA0B5E-D337-46F5-99FF-CF43C048CF2D}.Release|Any CPU.Build.0 = Release|Any CPU
	EndGlobalSection
	GlobalSection(SolutionProperties) = preSolution
		HideSolutionNode = FALSE
	EndGlobalSection
	GlobalSection(ExtensibilityGlobals) = postSolution
		SolutionGuid = {54B09E93-C5A6-410B-911D-36FDD892C968}
	EndGlobalSection
EndGlobal
